
Microsoft Visual Studio Solution File, Format Version 9.00
# Visual Studio 2005
Project("{8BC9CEB8-8B4A-11D0-8D11-00A0C91BC942}") = "Ex8-1MorphBlend", "Ex8-1MorphBlend\Ex8-1MorphBlend.vcproj", "{BF148245-C1C7-4D2B-BF89-D0CACEDD96C3}"
EndProject
Project("{8BC9CEB8-8B4A-11D0-8D11-00A0C91BC942}") = "Ex8-2GPUMorph", "Ex8-2GPUMorph\Ex8-2GPUMorph.vcproj", "{CF6337B4-D981-4C2D-884B-DB23DA7899C3}"
EndProject
Project("{8BC9CEB8-8B4A-11D0-8D11-00A0C91BC942}") = "Ex8-3SkeletalMorph", "Ex8-3SkeletalMorph\Ex8-3SkeletalMorph.vcproj", "{955435BA-2BDB-4A0E-AB23-BA0B0F457759}"
EndProject
Global
	GlobalSection(SolutionConfigurationPlatforms) = preSolution
		Debug|Win32 = Debug|Win32
		Release|Win32 = Release|Win32
	EndGlobalSection
	GlobalSection(ProjectConfigurationPlatforms) = postSolution
		{BF148245-C1C7-4D2B-BF89-D0CACEDD96C3}.Debug|Win32.ActiveCfg = Debug|Win32
		{BF148245-C1C7-4D2B-BF89-D0CACEDD96C3}.Debug|Win32.Build.0 = Debug|Win32
		{BF148245-C1C7-4D2B-BF89-D0CACEDD96C3}.Release|Win32.ActiveCfg = Release|Win32
		{BF148245-C1C7-4D2B-BF89-D0CACEDD96C3}.Release|Win32.Build.0 = Release|Win32
		{CF6337B4-D981-4C2D-884B-DB23DA7899C3}.Debug|Win32.ActiveCfg = Debug|Win32
		{CF6337B4-D981-4C2D-884B-DB23DA7899C3}.Debug|Win32.Build.0 = Debug|Win32
		{CF6337B4-D981-4C2D-884B-DB23DA7899C3}.Release|Win32.ActiveCfg = Release|Win32
		{CF6337B4-D981-4C2D-884B-DB23DA7899C3}.Release|Win32.Build.0 = Release|Win32
		{955435BA-2BDB-4A0E-AB23-BA0B0F457759}.Debug|Win32.ActiveCfg = Debug|Win32
		{955435BA-2BDB-4A0E-AB23-BA0B0F457759}.Debug|Win32.Build.0 = Debug|Win32
		{955435BA-2BDB-4A0E-AB23-BA0B0F457759}.Release|Win32.ActiveCfg = Release|Win32
		{955435BA-2BDB-4A0E-AB23-BA0B0F457759}.Release|Win32.Build.0 = Release|Win32
	EndGlobalSection
	GlobalSection(SolutionProperties) = preSolution
		HideSolutionNode = FALSE
	EndGlobalSection
EndGlobal
