
Microsoft Visual Studio Solution File, Format Version 9.00
# Visual Studio 2005
Project("{8BC9CEB8-8B4A-11D0-8D11-00A0C91BC942}") = "Ex4-1AniCube", "Ex4-1AniCube\Ex4-1AniCube.vcproj", "{BF148245-C1C7-4D2B-BF89-D0CACEDD96C3}"
EndProject
Project("{8BC9CEB8-8B4A-11D0-8D11-00A0C91BC942}") = "Ex4-2SkelAni", "Ex4-2SkelAni\Ex4-2SkelAni.vcproj", "{3A744EB9-32D6-4EDF-A693-608A66966AAD}"
EndProject
Project("{8BC9CEB8-8B4A-11D0-8D11-00A0C91BC942}") = "Ex4-3SkelAniMulti", "Ex4-3SkelAniMulti\Ex4-3SkelAniMulti.vcproj", "{D7050737-B83C-48AF-AF4E-F702595BD498}"
EndProject
Global
	GlobalSection(SolutionConfigurationPlatforms) = preSolution
		Debug|Win32 = Debug|Win32
		Release|Win32 = Release|Win32
	EndGlobalSection
	GlobalSection(ProjectConfigurationPlatforms) = postSolution
		{BF148245-C1C7-4D2B-BF89-D0CACEDD96C3}.Debug|Win32.ActiveCfg = Debug|Win32
		{BF148245-C1C7-4D2B-BF89-D0CACEDD96C3}.Debug|Win32.Build.0 = Debug|Win32
		{BF148245-C1C7-4D2B-BF89-D0CACEDD96C3}.Release|Win32.ActiveCfg = Release|Win32
		{BF148245-C1C7-4D2B-BF89-D0CACEDD96C3}.Release|Win32.Build.0 = Release|Win32
		{3A744EB9-32D6-4EDF-A693-608A66966AAD}.Debug|Win32.ActiveCfg = Debug|Win32
		{3A744EB9-32D6-4EDF-A693-608A66966AAD}.Debug|Win32.Build.0 = Debug|Win32
		{3A744EB9-32D6-4EDF-A693-608A66966AAD}.Release|Win32.ActiveCfg = Release|Win32
		{3A744EB9-32D6-4EDF-A693-608A66966AAD}.Release|Win32.Build.0 = Release|Win32
		{D7050737-B83C-48AF-AF4E-F702595BD498}.Debug|Win32.ActiveCfg = Debug|Win32
		{D7050737-B83C-48AF-AF4E-F702595BD498}.Debug|Win32.Build.0 = Debug|Win32
		{D7050737-B83C-48AF-AF4E-F702595BD498}.Release|Win32.ActiveCfg = Release|Win32
		{D7050737-B83C-48AF-AF4E-F702595BD498}.Release|Win32.Build.0 = Release|Win32
	EndGlobalSection
	GlobalSection(SolutionProperties) = preSolution
		HideSolutionNode = FALSE
	EndGlobalSection
EndGlobal
